github.com/cheekybits/genny v1.0.0 h1:uGGa4nei+j20rOSeDeP5Of12XVm7TGUd4dJA9RDitfE=
github.com/cheekybits/genny v1.0.0/go.mod h1:+tQajlRqAUrPI7DOSpB0XAqZYtQakVtB7wXkRAgjxjQ=
github.com/eycorsican/go-tun2socks v1.16.2 h1:pczsTNxP9NBDAsE9lhTnXoh6VLRf8FaZP2JBLv3KLWA=
github.com/eycorsican/go-tun2socks v1.16.2/go.mod h1:itJVcg8T4Lc1r+72CNpCV/SUNO8of0z/jFeAt31cQbA=
github.com/fsnotify/fsnotify v1.4.7/go.mod h1:jwhsz4b93w/PPRr/qN1Yymfu8t87LnFCMoQvtojpjFo=
github.com/golang/crypto v0.0.0-20190829043050-9756ffdc2472 h1:GzFBbHakMFNZQ91W0PV1kreiBF/IEwy1jb2LFg2NeZM=
github.com/golang/crypto v0.0.0-20190829043050-9756ffdc2472/go.mod h1:yigFU9vqHzYiE8UmvKecakEJjdnWj3jj499lnFckfCI=
github.com/golang/mock v1.2.0/go.mod h1:oTYuIxOrZwtPieC+H1uAHpcLFnEyAGVDL/k47Jfbm0A=
github.com/golang/net v0.0.0-20190827160401-ba9fcec4b297 h1:eHiHOlSKoUamMC9niH7mFzwWvkEiQ+NXJ3HxcZVjZDI=
github.com/golang/net v0.0.0-20190827160401-ba9fcec4b297/go.mod h1:z5CRVTTTmAJ677TzLLGU+0bjPO0LkuOLi4/5GtJWs/s=
github.com/golang/protobuf v1.2.0/go.mod h1:6lQm79b+lXiMfvg/cZm0SGofjICqVBUtrP5yJMmIC1U=
github.com/golang/protobuf v1.3.0 h1:kbxbvI4Un1LUWKxufD+BiE6AEExYYgkQLQmLFqA1LFk=
github.com/golang/protobuf v1.3.0/go.mod h1:Qd/q+1AKNOZr9uGQzbzCmRO6sUih6GTPZv6a1/R87v0=
github.com/golang/sync v0.0.0-20190423024810-112230192c58/go.mod h1:RxMgew5VJxzue5/jJTE5uejpjVlOe/izrB70Jof72aM=
github.com/golang/sys v0.0.0-20190813064441-fde4db37ae7a h1:hVLU4+cxX4r89gounKarktyMqZ2cx/5Y2jeGLtWqzUE=
github.com/golang/sys v0.0.0-20190813064441-fde4db37ae7a/go.mod h1:h1NjWce9XRLGQEsW7wpKNCjG9DtNlClVuFLEZdDNbEs=
github.com/golang/text v0.3.2 h1:vDAeTQXl8YUdGoj2vMsMnzHi1xMJJ9S7iwnTBFL/pkA=
github.com/golang/text v0.3.2/go.mod h1:bEr9sfX3Q8Zfm5fL9x+3itogRgK3+ptLWKqgva+5dAk=
github.com/hpcloud/tail v1.0.0/go.mod h1:ab1qPbhIpdTxEkNHXyeSf5vhxWSCs/tWer42PpOxQnU=
github.com/lucas-clemente/quic-go v0.12.0 h1:TRbvZ6F++sofeGbh+Z2IIyIOhl8KyGnYuA06g2yrHdI=
github.com/lucas-clemente/quic-go v0.12.0/go.mod h1:UXJJPE4RfFef/xPO5wQm0tITK8gNfqwTxjbE7s3Vb8s=
github.com/marten-seemann/qpack v0.1.0/go.mod h1:LFt1NU/Ptjip0C2CPkhimBz5CGE3WGDAUWqna+CNTrI=
github.com/marten-seemann/qtls v0.3.2 h1:O7awy4bHEzSX/K3h+fZig3/Vo03s/RxlxgsAk9sYamI=
github.com/marten-seemann/qtls v0.3.2/go.mod h1:xzjG7avBwGGbdZ8dTGxlBnLArsVKLvwmjgmPuiQEcYk=
github.com/miekg/dns v1.1.15 h1:CSSIDtllwGLMoA6zjdKnaE6Tx6eVUxQ29LUgGetiDCI=
github.com/miekg/dns v1.1.15/go.mod h1:W1PPwlIAgtquWBMBEV9nkV9Cazfe8ScdGz/Lj7v3Nrg=
github.com/onsi/ginkgo v1.6.0/go.mod h1:lLunBs/Ym6LB5Z9jYTR76FiuTmxDTDusOGeTQH+WWjE=
github.com/onsi/ginkgo v1.7.0/go.mod h1:lLunBs/Ym6LB5Z9jYTR76FiuTmxDTDusOGeTQH+WWjE=
github.com/onsi/gomega v1.4.3/go.mod h1:ex+gbHU/CVuBBDIJjb2X0qEXbFg53c61hWP/1CpauHY=
golang.org/x/tools v0.0.0-20180917221912-90fa682c2a6e/go.mod h1:n7NCudcB/nEzxVGmLbDWY5pfWTLqBcC2KZ6jyYvM4mQ=
google.golang.org/genproto v0.0.0-20180831171423-11092d34479b/go.mod h1:JiN7NxoALGmiZfu7CAH4rXhgtRTLTxftemlI0sWmxmc=
gopkg.in/check.v1 v0.0.0-20161208181325-20d25e280405/go.mod h1:Co6ibVJAznAaIkqp8huTwlJQCZ016jof/cbN4VW5Yz0=
gopkg.in/fsnotify.v1 v1.4.7/go.mod h1:Tz8NjZHkW78fSQdbUxIjBTcgA1z1m8ZHf0WmKUhAMys=
gopkg.in/tomb.v1 v1.0.0-20141024135613-dd632973f1e7/go.mod h1:dt/ZhP58zS4L8KSrWDmTeBkI65Dw0HsyUHuEVlX15mw=
gopkg.in/yaml.v2 v2.2.1/go.mod h1:hI93XBmqTisBFMUTm0b8Fm+jr3Dg1NNxqwp+5A1VGuI=
